
Microsoft Visual Studio Solution File, Format Version 12.00
# Visual Studio Version 17
VisualStudioVersion = 17.14.36202.13
MinimumVisualStudioVersion = 10.0.40219.1
Project("{FAE04EC0-301F-11D3-BF4B-00C04F79EFBC}") = "Ejercicio1", "WindowsFormsApp1\Ejercicio1.csproj", "{2E77EE4C-3DC9-4843-9C39-5EEB73ED618E}"
EndProject
Project("{FAE04EC0-301F-11D3-BF4B-00C04F79EFBC}") = "Ejercicio2", "Ejercicio2\Ejercicio2.csproj", "{D629E810-CAD1-4A6A-964B-6CE6E5DB5991}"
EndProject
Project("{FAE04EC0-301F-11D3-BF4B-00C04F79EFBC}") = "Ejercicio3", "Ejercicio3\Ejercicio3.csproj", "{3FBCFC4F-1D84-4426-9A0A-5196C62B891F}"
EndProject
Global
	GlobalSection(SolutionConfigurationPlatforms) = preSolution
		Debug|Any CPU = Debug|Any CPU
		Release|Any CPU = Release|Any CPU
	EndGlobalSection
	GlobalSection(ProjectConfigurationPlatforms) = postSolution
		{2E77EE4C-3DC9-4843-9C39-5EEB73ED618E}.Debug|Any CPU.ActiveCfg = Debug|Any CPU
		{2E77EE4C-3DC9-4843-9C39-5EEB73ED618E}.Debug|Any CPU.Build.0 = Debug|Any CPU
		{2E77EE4C-3DC9-4843-9C39-5EEB73ED618E}.Release|Any CPU.ActiveCfg = Release|Any CPU
		{2E77EE4C-3DC9-4843-9C39-5EEB73ED618E}.Release|Any CPU.Build.0 = Release|Any CPU
		{D629E810-CAD1-4A6A-964B-6CE6E5DB5991}.Debug|Any CPU.ActiveCfg = Debug|Any CPU
		{D629E810-CAD1-4A6A-964B-6CE6E5DB5991}.Debug|Any CPU.Build.0 = Debug|Any CPU
		{D629E810-CAD1-4A6A-964B-6CE6E5DB5991}.Release|Any CPU.ActiveCfg = Release|Any CPU
		{D629E810-CAD1-4A6A-964B-6CE6E5DB5991}.Release|Any CPU.Build.0 = Release|Any CPU
		{3FBCFC4F-1D84-4426-9A0A-5196C62B891F}.Debug|Any CPU.ActiveCfg = Debug|Any CPU
		{3FBCFC4F-1D84-4426-9A0A-5196C62B891F}.Debug|Any CPU.Build.0 = Debug|Any CPU
		{3FBCFC4F-1D84-4426-9A0A-5196C62B891F}.Release|Any CPU.ActiveCfg = Release|Any CPU
		{3FBCFC4F-1D84-4426-9A0A-5196C62B891F}.Release|Any CPU.Build.0 = Release|Any CPU
	EndGlobalSection
	GlobalSection(SolutionProperties) = preSolution
		HideSolutionNode = FALSE
	EndGlobalSection
	GlobalSection(ExtensibilityGlobals) = postSolution
		SolutionGuid = {B10A9C90-2390-4334-8D97-73D64A36DE9E}
	EndGlobalSection
EndGlobal
